
Microsoft Visual Studio Solution File, Format Version 12.00
# Visual Studio Version 16
VisualStudioVersion = 16.0.29709.97
MinimumVisualStudioVersion = 10.0.40219.1
Project("{9A19103F-16F7-4668-BE54-9A1E7A4F7556}") = "MinesweeperModel", "MinesweeperCell\MinesweeperModel.csproj", "{2AD3A133-1AAB-4ECD-B04D-8CC92656595D}"
EndProject
Project("{9A19103F-16F7-4668-BE54-9A1E7A4F7556}") = "MinesweeperModelTests", "MinesweeperModelTests\MinesweeperModelTests.csproj", "{FF4F0EFD-3329-45B4-949E-B194AAE8CDBC}"
EndProject
Project("{9A19103F-16F7-4668-BE54-9A1E7A4F7556}") = "MinesweeperModelConsoleTests", "MinesweeperModelConsoleTests\MinesweeperModelConsoleTests.csproj", "{C6D83B18-8E07-40F8-A207-FE376EA002CE}"
EndProject
Project("{FAE04EC0-301F-11D3-BF4B-00C04F79EFBC}") = "MinesweeperGUI", "MineseeperGUI\MinesweeperGUI.csproj", "{DDE13D39-E63C-4D74-92F9-3DA42E858FED}"
EndProject
Global
	GlobalSection(SolutionConfigurationPlatforms) = preSolution
		Debug|Any CPU = Debug|Any CPU
		Release|Any CPU = Release|Any CPU
	EndGlobalSection
	GlobalSection(ProjectConfigurationPlatforms) = postSolution
		{2AD3A133-1AAB-4ECD-B04D-8CC92656595D}.Debug|Any CPU.ActiveCfg = Debug|Any CPU
		{2AD3A133-1AAB-4ECD-B04D-8CC92656595D}.Debug|Any CPU.Build.0 = Debug|Any CPU
		{2AD3A133-1AAB-4ECD-B04D-8CC92656595D}.Release|Any CPU.ActiveCfg = Release|Any CPU
		{2AD3A133-1AAB-4ECD-B04D-8CC92656595D}.Release|Any CPU.Build.0 = Release|Any CPU
		{FF4F0EFD-3329-45B4-949E-B194AAE8CDBC}.Debug|Any CPU.ActiveCfg = Debug|Any CPU
		{FF4F0EFD-3329-45B4-949E-B194AAE8CDBC}.Debug|Any CPU.Build.0 = Debug|Any CPU
		{FF4F0EFD-3329-45B4-949E-B194AAE8CDBC}.Release|Any CPU.ActiveCfg = Release|Any CPU
		{FF4F0EFD-3329-45B4-949E-B194AAE8CDBC}.Release|Any CPU.Build.0 = Release|Any CPU
		{C6D83B18-8E07-40F8-A207-FE376EA002CE}.Debug|Any CPU.ActiveCfg = Debug|Any CPU
		{C6D83B18-8E07-40F8-A207-FE376EA002CE}.Debug|Any CPU.Build.0 = Debug|Any CPU
		{C6D83B18-8E07-40F8-A207-FE376EA002CE}.Release|Any CPU.ActiveCfg = Release|Any CPU
		{C6D83B18-8E07-40F8-A207-FE376EA002CE}.Release|Any CPU.Build.0 = Release|Any CPU
		{DDE13D39-E63C-4D74-92F9-3DA42E858FED}.Debug|Any CPU.ActiveCfg = Debug|Any CPU
		{DDE13D39-E63C-4D74-92F9-3DA42E858FED}.Debug|Any CPU.Build.0 = Debug|Any CPU
		{DDE13D39-E63C-4D74-92F9-3DA42E858FED}.Release|Any CPU.ActiveCfg = Release|Any CPU
		{DDE13D39-E63C-4D74-92F9-3DA42E858FED}.Release|Any CPU.Build.0 = Release|Any CPU
	EndGlobalSection
	GlobalSection(SolutionProperties) = preSolution
		HideSolutionNode = FALSE
	EndGlobalSection
	GlobalSection(ExtensibilityGlobals) = postSolution
		SolutionGuid = {8CA337C2-5354-439E-8717-BC81B0EC2522}
	EndGlobalSection
EndGlobal
